github.com/cespare/xxhash/v2 v2.1.2 h1:YRXhKfTDauu4ajMg1TPgFO5jnlC2HCbmLXMcTG5cbYE=
github.com/cespare/xxhash/v2 v2.1.2/go.mod h1:VGX0DQ3Q6kWi7AoAeZDth3/j3BFtOZR5XLFGgcrjCOs=
github.com/go-chi/chi/v5 v5.0.4 h1:5e494iHzsYBiyXQAHHuI4tyJS9M3V84OuX3ufIIGHFo=
github.com/go-chi/chi/v5 v5.0.4/go.mod h1:DslCQbL2OYiznFReuXYUmQ2hGd1aDpCnlMNITLSKoi8=
github.com/go-chi/httprate v0.5.2 h1:pynJZu4jbSSHFRjpbT7EJJf8b9qt2CLZnqqKy0F+jH4=
github.com/go-chi/httprate v0.5.2/go.mod h1:kYR4lorHX3It9tTh4eTdHhcF2bzrYnCrRNlv5+IBm2M=
github.com/lauslim12/asuka v1.1.0 h1:P27eABllaH0wXuE0bGkiVgHbIIYJgHt0VPHxi4LQEAo=
github.com/lauslim12/asuka v1.1.0/go.mod h1:1i6ktW0awW66W4i5Z2nFj6/qCHG9FrLPmhmje7TlvEs=
